// !$*UTF8*$!
{
	archiveVersion = 1;
	classes = {
	};
	objectVersion = 46;
	objects = {

/* Begin PBXBuildFile section */
		B0E070F38B9176978991745E /* FIIcon+Impl.m in Sources */ = {isa = PBXBuildFile; fileRef = B0E071BA8380551D25FD2D4E /* FIIcon+Impl.m */; };
		B0E072FAE9EBF48B1CDDCAED /* FIIcon+FIIconRenderer.m in Sources */ = {isa = PBXBuildFile; fileRef = B0E07DAC8153129F1E3083B1 /* FIIcon+FIIconRenderer.m */; };
		B0E074089E50B3F02CC2D35A /* FIIconLayer.m in Sources */ = {isa = PBXBuildFile; fileRef = B0E07850BEB4C2B283D2B5ED /* FIIconLayer.m */; };
		B0E07A573ED2D4C754BBDC9B /* FIIcon+Forwarding.m in Sources */ = {isa = PBXBuildFile; fileRef = B0E073E5FC678D5BA8A5D8D2 /* FIIcon+Forwarding.m */; };
		CA31B9A71657E194002A9EDD /* FIFontListViewController.m in Sources */ = {isa = PBXBuildFile; fileRef = CA31B9A61657E194002A9EDD /* FIFontListViewController.m */; };
		CA31B9CE165807F5002A9EDD /* FIFontAwesomeIcon.m in Sources */ = {isa = PBXBuildFile; fileRef = CA31B9CD165807F5002A9EDD /* FIFontAwesomeIcon.m */; };
		CA31B9E616582411002A9EDD /* FIIconicIcon.m in Sources */ = {isa = PBXBuildFile; fileRef = CA31B9E516582411002A9EDD /* FIIconicIcon.m */; };
		CA7C55C5163DC00700AC32A3 /* UIKit.framework in Frameworks */ = {isa = PBXBuildFile; fileRef = CA7C55C4163DC00700AC32A3 /* UIKit.framework */; };
		CA7C55C7163DC00700AC32A3 /* Foundation.framework in Frameworks */ = {isa = PBXBuildFile; fileRef = CA7C55C6163DC00700AC32A3 /* Foundation.framework */; };
		CA7C55C9163DC00700AC32A3 /* CoreGraphics.framework in Frameworks */ = {isa = PBXBuildFile; fileRef = CA7C55C8163DC00700AC32A3 /* CoreGraphics.framework */; };
		CA7C55CF163DC00700AC32A3 /* InfoPlist.strings in Resources */ = {isa = PBXBuildFile; fileRef = CA7C55CD163DC00700AC32A3 /* InfoPlist.strings */; };
		CA7C55D1163DC00700AC32A3 /* main.m in Sources */ = {isa = PBXBuildFile; fileRef = CA7C55D0163DC00700AC32A3 /* main.m */; };
		CA7C55D5163DC00700AC32A3 /* FIAppDelegate.m in Sources */ = {isa = PBXBuildFile; fileRef = CA7C55D4163DC00700AC32A3 /* FIAppDelegate.m */; };
		CA7C55D7163DC00700AC32A3 /* Default.png in Resources */ = {isa = PBXBuildFile; fileRef = CA7C55D6163DC00700AC32A3 /* Default.png */; };
		CA7C55D9163DC00700AC32A3 /* Default@2x.png in Resources */ = {isa = PBXBuildFile; fileRef = CA7C55D8163DC00700AC32A3 /* Default@2x.png */; };
		CA7C55DB163DC00700AC32A3 /* Default-568h@2x.png in Resources */ = {isa = PBXBuildFile; fileRef = CA7C55DA163DC00700AC32A3 /* Default-568h@2x.png */; };
		CA7C55DE163DC00700AC32A3 /* FIViewController.m in Sources */ = {isa = PBXBuildFile; fileRef = CA7C55DD163DC00700AC32A3 /* FIViewController.m */; };
		CA7C55E1163DC00700AC32A3 /* FIViewController.xib in Resources */ = {isa = PBXBuildFile; fileRef = CA7C55DF163DC00700AC32A3 /* FIViewController.xib */; };
		CA7C55EF163DC4E000AC32A3 /* FIIconView.m in Sources */ = {isa = PBXBuildFile; fileRef = CA7C55EE163DC4E000AC32A3 /* FIIconView.m */; };
		CA7C55F5163DC6C900AC32A3 /* FIIcon.m in Sources */ = {isa = PBXBuildFile; fileRef = CA7C55F4163DC6C900AC32A3 /* FIIcon.m */; };
		CA7C55F8163DC81800AC32A3 /* FIFont.m in Sources */ = {isa = PBXBuildFile; fileRef = CA7C55F7163DC81800AC32A3 /* FIFont.m */; };
		CA7C5606163E3AAD00AC32A3 /* FIEntypoIcon.m in Sources */ = {isa = PBXBuildFile; fileRef = CA7C5605163E3AAD00AC32A3 /* FIEntypoIcon.m */; };
		CA7C5609163E433400AC32A3 /* CoreText.framework in Frameworks */ = {isa = PBXBuildFile; fileRef = CA7C5608163E433400AC32A3 /* CoreText.framework */; };
		CA7C561A163EFBCC00AC32A3 /* FIEntypoSocialIcon.m in Sources */ = {isa = PBXBuildFile; fileRef = CA7C5619163EFBCC00AC32A3 /* FIEntypoSocialIcon.m */; };
		E183779716BE361500525AB5 /* Fonts in Resources */ = {isa = PBXBuildFile; fileRef = E183779516BE361500525AB5 /* Fonts */; };
		E183779816BE361500525AB5 /* Strings in Resources */ = {isa = PBXBuildFile; fileRef = E183779616BE361500525AB5 /* Strings */; };
		E1B6DBF51693A4A600B6704C /* FIIconLayer+FIRenderer.m in Sources */ = {isa = PBXBuildFile; fileRef = B0E07B56EB080A788441AB2E /* FIIconLayer+FIRenderer.m */; };
		E1EC0266168FE25D004A8EDD /* QuartzCore.framework in Frameworks */ = {isa = PBXBuildFile; fileRef = E1EC0263168FE23B004A8EDD /* QuartzCore.framework */; };
/* End PBXBuildFile section */

/* Begin PBXFileReference section */
		B0E0700E6FC3A32A3DF49F94 /* FIIconLayer.h */ = {isa = PBXFileReference; fileEncoding = 4; lastKnownFileType = sourcecode.c.h; path = FIIconLayer.h; sourceTree = "<group>"; };
		B0E071BA8380551D25FD2D4E /* FIIcon+Impl.m */ = {isa = PBXFileReference; fileEncoding = 4; lastKnownFileType = sourcecode.c.objc; path = "FIIcon+Impl.m"; sourceTree = "<group>"; };
		B0E073E5FC678D5BA8A5D8D2 /* FIIcon+Forwarding.m */ = {isa = PBXFileReference; fileEncoding = 4; lastKnownFileType = sourcecode.c.objc; path = "FIIcon+Forwarding.m"; sourceTree = "<group>"; };
		B0E0777366E59C96383968B1 /* FIIconRendering.h */ = {isa = PBXFileReference; fileEncoding = 4; lastKnownFileType = sourcecode.c.h; path = FIIconRendering.h; sourceTree = "<group>"; };
		B0E07850BEB4C2B283D2B5ED /* FIIconLayer.m */ = {isa = PBXFileReference; fileEncoding = 4; lastKnownFileType = sourcecode.c.objc; path = FIIconLayer.m; sourceTree = "<group>"; };
		B0E07B56EB080A788441AB2E /* FIIconLayer+FIRenderer.m */ = {isa = PBXFileReference; fileEncoding = 4; lastKnownFileType = sourcecode.c.objc; path = "FIIconLayer+FIRenderer.m"; sourceTree = "<group>"; };
		B0E07BBBF4C52B8C81F77A17 /* FIIcon+Impl.h */ = {isa = PBXFileReference; fileEncoding = 4; lastKnownFileType = sourcecode.c.h; path = "FIIcon+Impl.h"; sourceTree = "<group>"; };
		B0E07CBF20E7F6200491F0BF /* FIRenderer.h */ = {isa = PBXFileReference; fileEncoding = 4; lastKnownFileType = sourcecode.c.h; path = FIRenderer.h; sourceTree = "<group>"; };
		B0E07DAC8153129F1E3083B1 /* FIIcon+FIIconRenderer.m */ = {isa = PBXFileReference; fileEncoding = 4; lastKnownFileType = sourcecode.c.objc; path = "FIIcon+FIIconRenderer.m"; sourceTree = "<group>"; };
		B0E07DB134AFAE78AD220A42 /* FIIconLayer+FIRenderer.h */ = {isa = PBXFileReference; fileEncoding = 4; lastKnownFileType = sourcecode.c.h; path = "FIIconLayer+FIRenderer.h"; sourceTree = "<group>"; };
		B0E07F9CA8E68482CC5775F0 /* FIIcon+FIIconRenderer.h */ = {isa = PBXFileReference; fileEncoding = 4; lastKnownFileType = sourcecode.c.h; path = "FIIcon+FIIconRenderer.h"; sourceTree = "<group>"; };
		CA31B9A51657E194002A9EDD /* FIFontListViewController.h */ = {isa = PBXFileReference; fileEncoding = 4; lastKnownFileType = sourcecode.c.h; path = FIFontListViewController.h; sourceTree = "<group>"; };
		CA31B9A61657E194002A9EDD /* FIFontListViewController.m */ = {isa = PBXFileReference; fileEncoding = 4; lastKnownFileType = sourcecode.c.objc; path = FIFontListViewController.m; sourceTree = "<group>"; };
		CA31B9CC165807F5002A9EDD /* FIFontAwesomeIcon.h */ = {isa = PBXFileReference; fileEncoding = 4; lastKnownFileType = sourcecode.c.h; path = FIFontAwesomeIcon.h; sourceTree = "<group>"; };
		CA31B9CD165807F5002A9EDD /* FIFontAwesomeIcon.m */ = {isa = PBXFileReference; fileEncoding = 4; lastKnownFileType = sourcecode.c.objc; path = FIFontAwesomeIcon.m; sourceTree = "<group>"; };
		CA31B9E416582411002A9EDD /* FIIconicIcon.h */ = {isa = PBXFileReference; fileEncoding = 4; lastKnownFileType = sourcecode.c.h; path = FIIconicIcon.h; sourceTree = "<group>"; };
		CA31B9E516582411002A9EDD /* FIIconicIcon.m */ = {isa = PBXFileReference; fileEncoding = 4; lastKnownFileType = sourcecode.c.objc; path = FIIconicIcon.m; sourceTree = "<group>"; };
		CA7C55C0163DC00700AC32A3 /* FontasticIcons.app */ = {isa = PBXFileReference; explicitFileType = wrapper.application; includeInIndex = 0; path = FontasticIcons.app; sourceTree = BUILT_PRODUCTS_DIR; };
		CA7C55C4163DC00700AC32A3 /* UIKit.framework */ = {isa = PBXFileReference; lastKnownFileType = wrapper.framework; name = UIKit.framework; path = System/Library/Frameworks/UIKit.framework; sourceTree = SDKROOT; };
		CA7C55C6163DC00700AC32A3 /* Foundation.framework */ = {isa = PBXFileReference; lastKnownFileType = wrapper.framework; name = Foundation.framework; path = System/Library/Frameworks/Foundation.framework; sourceTree = SDKROOT; };
		CA7C55C8163DC00700AC32A3 /* CoreGraphics.framework */ = {isa = PBXFileReference; lastKnownFileType = wrapper.framework; name = CoreGraphics.framework; path = System/Library/Frameworks/CoreGraphics.framework; sourceTree = SDKROOT; };
		CA7C55CC163DC00700AC32A3 /* FontasticIcons-Info.plist */ = {isa = PBXFileReference; lastKnownFileType = text.plist.xml; path = "FontasticIcons-Info.plist"; sourceTree = "<group>"; };
		CA7C55CE163DC00700AC32A3 /* en */ = {isa = PBXFileReference; lastKnownFileType = text.plist.strings; name = en; path = en.lproj/InfoPlist.strings; sourceTree = "<group>"; };
		CA7C55D0163DC00700AC32A3 /* main.m */ = {isa = PBXFileReference; lastKnownFileType = sourcecode.c.objc; path = main.m; sourceTree = "<group>"; };
		CA7C55D2163DC00700AC32A3 /* FontasticIcons-Prefix.pch */ = {isa = PBXFileReference; lastKnownFileType = sourcecode.c.h; path = "FontasticIcons-Prefix.pch"; sourceTree = "<group>"; };
		CA7C55D3163DC00700AC32A3 /* FIAppDelegate.h */ = {isa = PBXFileReference; lastKnownFileType = sourcecode.c.h; path = FIAppDelegate.h; sourceTree = "<group>"; };
		CA7C55D4163DC00700AC32A3 /* FIAppDelegate.m */ = {isa = PBXFileReference; lastKnownFileType = sourcecode.c.objc; path = FIAppDelegate.m; sourceTree = "<group>"; };
		CA7C55D6163DC00700AC32A3 /* Default.png */ = {isa = PBXFileReference; lastKnownFileType = image.png; path = Default.png; sourceTree = "<group>"; };
		CA7C55D8163DC00700AC32A3 /* Default@2x.png */ = {isa = PBXFileReference; lastKnownFileType = image.png; path = "Default@2x.png"; sourceTree = "<group>"; };
		CA7C55DA163DC00700AC32A3 /* Default-568h@2x.png */ = {isa = PBXFileReference; lastKnownFileType = image.png; path = "Default-568h@2x.png"; sourceTree = "<group>"; };
		CA7C55DC163DC00700AC32A3 /* FIViewController.h */ = {isa = PBXFileReference; lastKnownFileType = sourcecode.c.h; path = FIViewController.h; sourceTree = "<group>"; };
		CA7C55DD163DC00700AC32A3 /* FIViewController.m */ = {isa = PBXFileReference; lastKnownFileType = sourcecode.c.objc; path = FIViewController.m; sourceTree = "<group>"; };
		CA7C55E0163DC00700AC32A3 /* en */ = {isa = PBXFileReference; lastKnownFileType = file.xib; name = en; path = en.lproj/FIViewController.xib; sourceTree = "<group>"; };
		CA7C55ED163DC4E000AC32A3 /* FIIconView.h */ = {isa = PBXFileReference; fileEncoding = 4; lastKnownFileType = sourcecode.c.h; path = FIIconView.h; sourceTree = "<group>"; };
		CA7C55EE163DC4E000AC32A3 /* FIIconView.m */ = {isa = PBXFileReference; fileEncoding = 4; lastKnownFileType = sourcecode.c.objc; path = FIIconView.m; sourceTree = "<group>"; };
		CA7C55F3163DC6C900AC32A3 /* FIIcon.h */ = {isa = PBXFileReference; fileEncoding = 4; lastKnownFileType = sourcecode.c.h; path = FIIcon.h; sourceTree = "<group>"; };
		CA7C55F4163DC6C900AC32A3 /* FIIcon.m */ = {isa = PBXFileReference; fileEncoding = 4; lastKnownFileType = sourcecode.c.objc; path = FIIcon.m; sourceTree = "<group>"; };
		CA7C55F6163DC81800AC32A3 /* FIFont.h */ = {isa = PBXFileReference; fileEncoding = 4; lastKnownFileType = sourcecode.c.h; path = FIFont.h; sourceTree = "<group>"; };
		CA7C55F7163DC81800AC32A3 /* FIFont.m */ = {isa = PBXFileReference; fileEncoding = 4; lastKnownFileType = sourcecode.c.objc; path = FIFont.m; sourceTree = "<group>"; };
		CA7C55FF163E37AA00AC32A3 /* FIFont+Private.h */ = {isa = PBXFileReference; lastKnownFileType = sourcecode.c.h; path = "FIFont+Private.h"; sourceTree = "<group>"; };
		CA7C5604163E3AAD00AC32A3 /* FIEntypoIcon.h */ = {isa = PBXFileReference; fileEncoding = 4; lastKnownFileType = sourcecode.c.h; path = FIEntypoIcon.h; sourceTree = "<group>"; };
		CA7C5605163E3AAD00AC32A3 /* FIEntypoIcon.m */ = {isa = PBXFileReference; fileEncoding = 4; lastKnownFileType = sourcecode.c.objc; path = FIEntypoIcon.m; sourceTree = "<group>"; };
		CA7C5608163E433400AC32A3 /* CoreText.framework */ = {isa = PBXFileReference; lastKnownFileType = wrapper.framework; name = CoreText.framework; path = System/Library/Frameworks/CoreText.framework; sourceTree = SDKROOT; };
		CA7C5618163EFBCC00AC32A3 /* FIEntypoSocialIcon.h */ = {isa = PBXFileReference; fileEncoding = 4; lastKnownFileType = sourcecode.c.h; path = FIEntypoSocialIcon.h; sourceTree = "<group>"; };
		CA7C5619163EFBCC00AC32A3 /* FIEntypoSocialIcon.m */ = {isa = PBXFileReference; fileEncoding = 4; lastKnownFileType = sourcecode.c.objc; path = FIEntypoSocialIcon.m; sourceTree = "<group>"; };
		CA7C562D163FAC5300AC32A3 /* FontasticIcons.h */ = {isa = PBXFileReference; lastKnownFileType = sourcecode.c.h; path = FontasticIcons.h; sourceTree = "<group>"; };
		E183779516BE361500525AB5 /* Fonts */ = {isa = PBXFileReference; lastKnownFileType = folder; name = Fonts; path = FontasticIcons/Sources/Resources/Fonts; sourceTree = SOURCE_ROOT; };
		E183779616BE361500525AB5 /* Strings */ = {isa = PBXFileReference; lastKnownFileType = folder; path = Strings; sourceTree = "<group>"; };
		E1EC0263168FE23B004A8EDD /* QuartzCore.framework */ = {isa = PBXFileReference; lastKnownFileType = wrapper.framework; name = QuartzCore.framework; path = System/Library/Frameworks/QuartzCore.framework; sourceTree = SDKROOT; };
		E1EC02671690028C004A8EDD /* FontasticIcons.podspec */ = {isa = PBXFileReference; explicitFileType = text.script.ruby; fileEncoding = 4; path = FontasticIcons.podspec; sourceTree = "<group>"; };
/* End PBXFileReference section */

/* Begin PBXFrameworksBuildPhase section */
		CA7C55BD163DC00700AC32A3 /* Frameworks */ = {
			isa = PBXFrameworksBuildPhase;
			buildActionMask = 2147483647;
			files = (
				E1EC0266168FE25D004A8EDD /* QuartzCore.framework in Frameworks */,
				CA7C5609163E433400AC32A3 /* CoreText.framework in Frameworks */,
				CA7C55C5163DC00700AC32A3 /* UIKit.framework in Frameworks */,
				CA7C55C7163DC00700AC32A3 /* Foundation.framework in Frameworks */,
				CA7C55C9163DC00700AC32A3 /* CoreGraphics.framework in Frameworks */,
			);
			runOnlyForDeploymentPostprocessing = 0;
		};
/* End PBXFrameworksBuildPhase section */

/* Begin PBXGroup section */
		CA31B9E1165823E2002A9EDD /* FontAwesome */ = {
			isa = PBXGroup;
			children = (
				CA31B9CC165807F5002A9EDD /* FIFontAwesomeIcon.h */,
				CA31B9CD165807F5002A9EDD /* FIFontAwesomeIcon.m */,
			);
			name = FontAwesome;
			sourceTree = "<group>";
		};
		CA31B9E3165823F4002A9EDD /* Iconic */ = {
			isa = PBXGroup;
			children = (
				CA31B9E416582411002A9EDD /* FIIconicIcon.h */,
				CA31B9E516582411002A9EDD /* FIIconicIcon.m */,
			);
			name = Iconic;
			sourceTree = "<group>";
		};
		CA7C55B5163DC00700AC32A3 = {
			isa = PBXGroup;
			children = (
				E1EC02671690028C004A8EDD /* FontasticIcons.podspec */,
				CA7C55E7163DC28500AC32A3 /* Sources */,
				CA7C55CA163DC00700AC32A3 /* Sample */,
				CA7C55C3163DC00700AC32A3 /* Frameworks */,
				CA7C55C1163DC00700AC32A3 /* Products */,
			);
			sourceTree = "<group>";
		};
		CA7C55C1163DC00700AC32A3 /* Products */ = {
			isa = PBXGroup;
			children = (
				CA7C55C0163DC00700AC32A3 /* FontasticIcons.app */,
			);
			name = Products;
			sourceTree = "<group>";
		};
		CA7C55C3163DC00700AC32A3 /* Frameworks */ = {
			isa = PBXGroup;
			children = (
				E1EC0263168FE23B004A8EDD /* QuartzCore.framework */,
				CA7C5608163E433400AC32A3 /* CoreText.framework */,
				CA7C55C4163DC00700AC32A3 /* UIKit.framework */,
				CA7C55C6163DC00700AC32A3 /* Foundation.framework */,
				CA7C55C8163DC00700AC32A3 /* CoreGraphics.framework */,
			);
			name = Frameworks;
			sourceTree = "<group>";
		};
		CA7C55CA163DC00700AC32A3 /* Sample */ = {
			isa = PBXGroup;
			children = (
				CA7C55D3163DC00700AC32A3 /* FIAppDelegate.h */,
				CA7C55D4163DC00700AC32A3 /* FIAppDelegate.m */,
				CA7C55DC163DC00700AC32A3 /* FIViewController.h */,
				CA7C55DD163DC00700AC32A3 /* FIViewController.m */,
				CA7C55DF163DC00700AC32A3 /* FIViewController.xib */,
				CA7C55CB163DC00700AC32A3 /* Supporting Files */,
				CA31B9A51657E194002A9EDD /* FIFontListViewController.h */,
				CA31B9A61657E194002A9EDD /* FIFontListViewController.m */,
			);
			name = Sample;
			path = FontasticIcons/Sample;
			sourceTree = "<group>";
		};
		CA7C55CB163DC00700AC32A3 /* Supporting Files */ = {
			isa = PBXGroup;
			children = (
				CA7C55CC163DC00700AC32A3 /* FontasticIcons-Info.plist */,
				CA7C55CD163DC00700AC32A3 /* InfoPlist.strings */,
				CA7C55D0163DC00700AC32A3 /* main.m */,
				CA7C55D2163DC00700AC32A3 /* FontasticIcons-Prefix.pch */,
				CA7C55D6163DC00700AC32A3 /* Default.png */,
				CA7C55D8163DC00700AC32A3 /* Default@2x.png */,
				CA7C55DA163DC00700AC32A3 /* Default-568h@2x.png */,
			);
			name = "Supporting Files";
			sourceTree = "<group>";
		};
		CA7C55E7163DC28500AC32A3 /* Sources */ = {
			isa = PBXGroup;
			children = (
				CA7C55F2163DC52B00AC32A3 /* Resources */,
				CA7C55F1163DC51500AC32A3 /* Classes */,
			);
			name = Sources;
			path = FontasticIcons/Sources;
			sourceTree = "<group>";
		};
		CA7C55E8163DC49C00AC32A3 /* Base */ = {
			isa = PBXGroup;
			children = (
				CA7C5616163EFB4A00AC32A3 /* FIFont */,
				CA7C5615163EFB2F00AC32A3 /* FIIcon */,
				CA7C5614163EFB2100AC32A3 /* FIIconRendering */,
			);
			name = Base;
			sourceTree = "<group>";
		};
		CA7C55E9163DC4A300AC32A3 /* Impl */ = {
			isa = PBXGroup;
			children = (
				CA31B9E3165823F4002A9EDD /* Iconic */,
				CA31B9E1165823E2002A9EDD /* FontAwesome */,
				CA7C5617163EFB9900AC32A3 /* Entypo */,
				B0E071BA8380551D25FD2D4E /* FIIcon+Impl.m */,
				B0E07BBBF4C52B8C81F77A17 /* FIIcon+Impl.h */,
			);
			name = Impl;
			sourceTree = "<group>";
		};
		CA7C55F1163DC51500AC32A3 /* Classes */ = {
			isa = PBXGroup;
			children = (
				CA7C562B163FAC3000AC32A3 /* FontasticIcons */,
				CA7C55E8163DC49C00AC32A3 /* Base */,
				CA7C55E9163DC4A300AC32A3 /* Impl */,
			);
			path = Classes;
			sourceTree = "<group>";
		};
		CA7C55F2163DC52B00AC32A3 /* Resources */ = {
			isa = PBXGroup;
			children = (
				E183779516BE361500525AB5 /* Fonts */,
				E183779616BE361500525AB5 /* Strings */,
			);
			path = Resources;
			sourceTree = "<group>";
		};
		CA7C5614163EFB2100AC32A3 /* FIIconRendering */ = {
			isa = PBXGroup;
			children = (
				CA7C55ED163DC4E000AC32A3 /* FIIconView.h */,
				CA7C55EE163DC4E000AC32A3 /* FIIconView.m */,
				B0E0700E6FC3A32A3DF49F94 /* FIIconLayer.h */,
				B0E07850BEB4C2B283D2B5ED /* FIIconLayer.m */,
				B0E0777366E59C96383968B1 /* FIIconRendering.h */,
				B0E07DAC8153129F1E3083B1 /* FIIcon+FIIconRenderer.m */,
				B0E07F9CA8E68482CC5775F0 /* FIIcon+FIIconRenderer.h */,
				B0E07CBF20E7F6200491F0BF /* FIRenderer.h */,
				B0E07B56EB080A788441AB2E /* FIIconLayer+FIRenderer.m */,
				B0E07DB134AFAE78AD220A42 /* FIIconLayer+FIRenderer.h */,
			);
			name = FIIconRendering;
			sourceTree = "<group>";
		};
		CA7C5615163EFB2F00AC32A3 /* FIIcon */ = {
			isa = PBXGroup;
			children = (
				CA7C55F3163DC6C900AC32A3 /* FIIcon.h */,
				CA7C55F4163DC6C900AC32A3 /* FIIcon.m */,
				B0E073E5FC678D5BA8A5D8D2 /* FIIcon+Forwarding.m */,
			);
			name = FIIcon;
			sourceTree = "<group>";
		};
		CA7C5616163EFB4A00AC32A3 /* FIFont */ = {
			isa = PBXGroup;
			children = (
				CA7C55FF163E37AA00AC32A3 /* FIFont+Private.h */,
				CA7C55F6163DC81800AC32A3 /* FIFont.h */,
				CA7C55F7163DC81800AC32A3 /* FIFont.m */,
			);
			name = FIFont;
			sourceTree = "<group>";
		};
		CA7C5617163EFB9900AC32A3 /* Entypo */ = {
			isa = PBXGroup;
			children = (
				CA7C5604163E3AAD00AC32A3 /* FIEntypoIcon.h */,
				CA7C5605163E3AAD00AC32A3 /* FIEntypoIcon.m */,
				CA7C5618163EFBCC00AC32A3 /* FIEntypoSocialIcon.h */,
				CA7C5619163EFBCC00AC32A3 /* FIEntypoSocialIcon.m */,
			);
			name = Entypo;
			sourceTree = "<group>";
		};
		CA7C562B163FAC3000AC32A3 /* FontasticIcons */ = {
			isa = PBXGroup;
			children = (
				CA7C562D163FAC5300AC32A3 /* FontasticIcons.h */,
			);
			name = FontasticIcons;
			sourceTree = "<group>";
		};
/* End PBXGroup section */

/* Begin PBXNativeTarget section */
		CA7C55BF163DC00700AC32A3 /* FontasticIcons */ = {
			isa = PBXNativeTarget;
			buildConfigurationList = CA7C55E4163DC00700AC32A3 /* Build configuration list for PBXNativeTarget "FontasticIcons" */;
			buildPhases = (
				CA7C55BC163DC00700AC32A3 /* Sources */,
				CA7C55BD163DC00700AC32A3 /* Frameworks */,
				CA7C55BE163DC00700AC32A3 /* Resources */,
			);
			buildRules = (
			);
			dependencies = (
			);
			name = FontasticIcons;
			productName = FontasticIcons;
			productReference = CA7C55C0163DC00700AC32A3 /* FontasticIcons.app */;
			productType = "com.apple.product-type.application";
		};
/* End PBXNativeTarget section */

/* Begin PBXProject section */
		CA7C55B7163DC00700AC32A3 /* Project object */ = {
			isa = PBXProject;
			attributes = {
				CLASSPREFIX = FI;
				LastUpgradeCheck = 0450;
				ORGANIZATIONNAME = "Alex Denisov";
			};
			buildConfigurationList = CA7C55BA163DC00700AC32A3 /* Build configuration list for PBXProject "FontasticIcons" */;
			compatibilityVersion = "Xcode 3.2";
			developmentRegion = English;
			hasScannedForEncodings = 0;
			knownRegions = (
				en,
			);
			mainGroup = CA7C55B5163DC00700AC32A3;
			productRefGroup = CA7C55C1163DC00700AC32A3 /* Products */;
			projectDirPath = "";
			projectRoot = "";
			targets = (
				CA7C55BF163DC00700AC32A3 /* FontasticIcons */,
			);
		};
/* End PBXProject section */

/* Begin PBXResourcesBuildPhase section */
		CA7C55BE163DC00700AC32A3 /* Resources */ = {
			isa = PBXResourcesBuildPhase;
			buildActionMask = 2147483647;
			files = (
				CA7C55CF163DC00700AC32A3 /* InfoPlist.strings in Resources */,
				CA7C55D7163DC00700AC32A3 /* Default.png in Resources */,
				CA7C55D9163DC00700AC32A3 /* Default@2x.png in Resources */,
				CA7C55DB163DC00700AC32A3 /* Default-568h@2x.png in Resources */,
				CA7C55E1163DC00700AC32A3 /* FIViewController.xib in Resources */,
				E183779716BE361500525AB5 /* Fonts in Resources */,
				E183779816BE361500525AB5 /* Strings in Resources */,
			);
			runOnlyForDeploymentPostprocessing = 0;
		};
/* End PBXResourcesBuildPhase section */

/* Begin PBXSourcesBuildPhase section */
		CA7C55BC163DC00700AC32A3 /* Sources */ = {
			isa = PBXSourcesBuildPhase;
			buildActionMask = 2147483647;
			files = (
				E1B6DBF51693A4A600B6704C /* FIIconLayer+FIRenderer.m in Sources */,
				CA7C55D1163DC00700AC32A3 /* main.m in Sources */,
				CA7C55D5163DC00700AC32A3 /* FIAppDelegate.m in Sources */,
				CA7C55DE163DC00700AC32A3 /* FIViewController.m in Sources */,
				CA7C55EF163DC4E000AC32A3 /* FIIconView.m in Sources */,
				CA7C55F5163DC6C900AC32A3 /* FIIcon.m in Sources */,
				CA7C55F8163DC81800AC32A3 /* FIFont.m in Sources */,
				CA7C5606163E3AAD00AC32A3 /* FIEntypoIcon.m in Sources */,
				CA7C561A163EFBCC00AC32A3 /* FIEntypoSocialIcon.m in Sources */,
				CA31B9A71657E194002A9EDD /* FIFontListViewController.m in Sources */,
				CA31B9CE165807F5002A9EDD /* FIFontAwesomeIcon.m in Sources */,
				CA31B9E616582411002A9EDD /* FIIconicIcon.m in Sources */,
				B0E074089E50B3F02CC2D35A /* FIIconLayer.m in Sources */,
				B0E072FAE9EBF48B1CDDCAED /* FIIcon+FIIconRenderer.m in Sources */,
				B0E070F38B9176978991745E /* FIIcon+Impl.m in Sources */,
				B0E07A573ED2D4C754BBDC9B /* FIIcon+Forwarding.m in Sources */,
			);
			runOnlyForDeploymentPostprocessing = 0;
		};
/* End PBXSourcesBuildPhase section */

/* Begin PBXVariantGroup section */
		CA7C55CD163DC00700AC32A3 /* InfoPlist.strings */ = {
			isa = PBXVariantGroup;
			children = (
				CA7C55CE163DC00700AC32A3 /* en */,
			);
			name = InfoPlist.strings;
			sourceTree = "<group>";
		};
		CA7C55DF163DC00700AC32A3 /* FIViewController.xib */ = {
			isa = PBXVariantGroup;
			children = (
				CA7C55E0163DC00700AC32A3 /* en */,
			);
			name = FIViewController.xib;
			sourceTree = "<group>";
		};
/* End PBXVariantGroup section */

/* Begin XCBuildConfiguration section */
		CA7C55E2163DC00700AC32A3 /* Debug */ = {
			isa = XCBuildConfiguration;
			buildSettings = {
				ALWAYS_SEARCH_USER_PATHS = NO;
				CLANG_CXX_LANGUAGE_STANDARD = "gnu++0x";
				CLANG_CXX_LIBRARY = "libc++";
				CLANG_ENABLE_OBJC_ARC = YES;
				CLANG_WARN_EMPTY_BODY = YES;
				CLANG_WARN__DUPLICATE_METHOD_MATCH = YES;
				"CODE_SIGN_IDENTITY[sdk=iphoneos*]" = "iPhone Developer";
				COPY_PHASE_STRIP = NO;
				GCC_C_LANGUAGE_STANDARD = gnu99;
				GCC_DYNAMIC_NO_PIC = NO;
				GCC_OPTIMIZATION_LEVEL = 0;
				GCC_PREPROCESSOR_DEFINITIONS = (
					"DEBUG=1",
					"$(inherited)",
				);
				GCC_SYMBOLS_PRIVATE_EXTERN = NO;
				GCC_WARN_ABOUT_RETURN_TYPE = YES;
				GCC_WARN_UNINITIALIZED_AUTOS = YES;
				GCC_WARN_UNUSED_VARIABLE = YES;
				IPHONEOS_DEPLOYMENT_TARGET = 6.0;
				ONLY_ACTIVE_ARCH = YES;
				SDKROOT = iphoneos;
			};
			name = Debug;
		};
		CA7C55E3163DC00700AC32A3 /* Release */ = {
			isa = XCBuildConfiguration;
			buildSettings = {
				ALWAYS_SEARCH_USER_PATHS = NO;
				CLANG_CXX_LANGUAGE_STANDARD = "gnu++0x";
				CLANG_CXX_LIBRARY = "libc++";
				CLANG_ENABLE_OBJC_ARC = YES;
				CLANG_WARN_EMPTY_BODY = YES;
				CLANG_WARN__DUPLICATE_METHOD_MATCH = YES;
				"CODE_SIGN_IDENTITY[sdk=iphoneos*]" = "iPhone Developer";
				COPY_PHASE_STRIP = YES;
				GCC_C_LANGUAGE_STANDARD = gnu99;
				GCC_WARN_ABOUT_RETURN_TYPE = YES;
				GCC_WARN_UNINITIALIZED_AUTOS = YES;
				GCC_WARN_UNUSED_VARIABLE = YES;
				IPHONEOS_DEPLOYMENT_TARGET = 6.0;
				OTHER_CFLAGS = "-DNS_BLOCK_ASSERTIONS=1";
				SDKROOT = iphoneos;
				VALIDATE_PRODUCT = YES;
			};
			name = Release;
		};
		CA7C55E5163DC00700AC32A3 /* Debug */ = {
			isa = XCBuildConfiguration;
			buildSettings = {
				GCC_PRECOMPILE_PREFIX_HEADER = YES;
				GCC_PREFIX_HEADER = "FontasticIcons/Sample/FontasticIcons-Prefix.pch";
				INFOPLIST_FILE = "FontasticIcons/Sample/FontasticIcons-Info.plist";
				IPHONEOS_DEPLOYMENT_TARGET = 4.3;
				PRODUCT_NAME = "$(TARGET_NAME)";
				WRAPPER_EXTENSION = app;
			};
			name = Debug;
		};
		CA7C55E6163DC00700AC32A3 /* Release */ = {
			isa = XCBuildConfiguration;
			buildSettings = {
				GCC_PRECOMPILE_PREFIX_HEADER = YES;
				GCC_PREFIX_HEADER = "FontasticIcons/Sample/FontasticIcons-Prefix.pch";
				INFOPLIST_FILE = "FontasticIcons/Sample/FontasticIcons-Info.plist";
				IPHONEOS_DEPLOYMENT_TARGET = 4.3;
				PRODUCT_NAME = "$(TARGET_NAME)";
				WRAPPER_EXTENSION = app;
			};
			name = Release;
		};
/* End XCBuildConfiguration section */

/* Begin XCConfigurationList section */
		CA7C55BA163DC00700AC32A3 /* Build configuration list for PBXProject "FontasticIcons" */ = {
			isa = XCConfigurationList;
			buildConfigurations = (
				CA7C55E2163DC00700AC32A3 /* Debug */,
				CA7C55E3163DC00700AC32A3 /* Release */,
			);
			defaultConfigurationIsVisible = 0;
			defaultConfigurationName = Release;
		};
		CA7C55E4163DC00700AC32A3 /* Build configuration list for PBXNativeTarget "FontasticIcons" */ = {
			isa = XCConfigurationList;
			buildConfigurations = (
				CA7C55E5163DC00700AC32A3 /* Debug */,
				CA7C55E6163DC00700AC32A3 /* Release */,
			);
			defaultConfigurationIsVisible = 0;
			defaultConfigurationName = Release;
		};
/* End XCConfigurationList section */
	};
	rootObject = CA7C55B7163DC00700AC32A3 /* Project object */;
}
